{"SurveyEntry":{"SurveyID":"SV_9AnB3sZP9J1woYu","SurveyName":"Remote Associates Test - SfNC","SurveyDescription":null,"SurveyOwnerID":"UR_1ZhLQcTOHPd2ClD","SurveyBrandID":"goldpsych","DivisionID":null,"SurveyLanguage":"EN","SurveyActiveResponseSet":"RS_5BZoCYbEsCOX76u","SurveyStatus":"Active","SurveyStartDate":"0000-00-00 00:00:00","SurveyExpirationDate":"0000-00-00 00:00:00","SurveyCreationDate":"2023-02-10 09:30:10","CreatorID":"UR_1ZhLQcTOHPd2ClD","LastModified":"2023-02-14 12:45:33","LastAccessed":"0000-00-00 00:00:00","LastActivated":"2023-02-10 10:04:41","Deleted":null},"SurveyElements":[{"SurveyID":"SV_9AnB3sZP9J1woYu","Element":"BL","PrimaryAttribute":"Survey Blocks","SecondaryAttribute":null,"TertiaryAttribute":null,"Payload":[{"Type":"Default","Description":"Instrux 1","ID":"BL_43iD5TLluLEIV4q","BlockElements":[{"Type":"Question","QuestionID":"QID1"},{"Type":"Question","QuestionID":"QID5"},{"Type":"Page Break"},{"Type":"Question","QuestionID":"QID2"},{"Type":"Question","QuestionID":"QID6"}],"Options":{"BlockLocking":"false","RandomizeQuestions":"false","BlockVisibility":"Expanded"}},{"Type":"Trash","Description":"Trash \/ Unused Questions","ID":"BL_b3ARdazVNDnOEo6","BlockElements":[{"Type":"Question","QuestionID":"QID9"},{"Type":"Question","QuestionID":"QID12"},{"Type":"Question","QuestionID":"QID13"}]},{"Type":"Standard","SubType":"","Description":"Main Block","ID":"BL_9QRUGuk6olL1brU","BlockElements":[{"Type":"Question","QuestionID":"QID20"},{"Type":"Question","QuestionID":"QID19"},{"Type":"Page Break"},{"Type":"Question","QuestionID":"QID3"},{"Type":"Question","QuestionID":"QID4"}],"Options":{"BlockLocking":"false","RandomizeQuestions":"false","Looping":"Static","LoopingOptions":{"Static":{"1":{"1":"safety","2":"cushion","3":"point"},"2":{"1":"dust","2":"cereal","3":"fish"},"3":{"1":"print","2":"berry","3":"bird"},"4":{"1":"widow","2":"bite","3":"monkey"},"5":{"1":"coin","2":"quick","3":"spoon"},"6":{"1":"demon","2":"limit","3":"way"},"7":{"1":"broken","2":"clear","3":"eye"},"8":{"1":"lift","2":"card","3":"mask"},"9":{"1":"due","2":"life","3":"tense"},"10":{"1":"strike","2":"same","3":"tennis"}},"Randomization":"All"}}},{"Type":"Standard","SubType":"","Description":"Practice","ID":"BL_7VxoZT6kZOkIel8","BlockElements":[{"Type":"Question","QuestionID":"QID18"},{"Type":"Question","QuestionID":"QID17"},{"Type":"Page Break"},{"Type":"Question","QuestionID":"QID7"},{"Type":"Question","QuestionID":"QID8"},{"Type":"Page Break"},{"Type":"Question","QuestionID":"QID14"},{"Type":"Question","QuestionID":"QID15"}],"Options":{"BlockLocking":false,"RandomizeQuestions":"false","Looping":"Static","LoopingOptions":{"Static":{"1":{"1":"cottage","2":"swiss","3":"cake","4":"cheese"},"10":{"1":"cream","2":"skate","3":"water","4":"ice"}},"Randomization":"All"}}},{"Type":"Standard","Description":"Instrux 2","ID":"BL_eCz2GOfYP44fILs","BlockElements":[{"Type":"Question","QuestionID":"QID10"},{"Type":"Question","QuestionID":"QID11"}],"Options":{"BlockLocking":false,"RandomizeQuestions":"false","BlockVisibility":"Expanded"}},{"Type":"Standard","SubType":"","Description":"Block 4","ID":"BL_2tMZNNGJWMHjAzk","BlockElements":[{"Type":"Question","QuestionID":"QID16"}]}]},{"SurveyID":"SV_9AnB3sZP9J1woYu","Element":"FL","PrimaryAttribute":"Survey Flow","SecondaryAttribute":null,"TertiaryAttribute":null,"Payload":{"Type":"Root","FlowID":"FL_1","Flow":[{"Type":"Block","ID":"BL_43iD5TLluLEIV4q","FlowID":"FL_2","Autofill":[]},{"Type":"Standard","ID":"BL_7VxoZT6kZOkIel8","FlowID":"FL_4","Autofill":[]},{"Type":"Standard","ID":"BL_eCz2GOfYP44fILs","FlowID":"FL_6","Autofill":[]},{"Type":"Standard","ID":"BL_9QRUGuk6olL1brU","FlowID":"FL_3","Autofill":[]},{"ID":"BL_2tMZNNGJWMHjAzk","Type":"Standard","FlowID":"FL_7"}],"Properties":{"Count":7,"RemovedFieldsets":[]}}},{"SurveyID":"SV_9AnB3sZP9J1woYu","Element":"PL","PrimaryAttribute":"Preview Link","SecondaryAttribute":null,"TertiaryAttribute":null,"Payload":{"PreviewType":"Brand","PreviewID":"0102466a-7597-4722-a3a3-02458db06ab1"}},{"SurveyID":"SV_9AnB3sZP9J1woYu","Element":"SO","PrimaryAttribute":"Survey Options","SecondaryAttribute":null,"TertiaryAttribute":null,"Payload":{"BackButton":"false","SaveAndContinue":"true","SurveyProtection":"PublicSurvey","BallotBoxStuffingPrevention":"false","NoIndex":"Yes","SecureResponseFiles":"true","SurveyExpiration":"None","SurveyTermination":"DefaultMessage","Header":"","Footer":"","ProgressBarDisplay":"None","PartialData":"+1 week","ValidationMessage":"","PreviousButton":" \u2190 ","NextButton":" ->","SurveyTitle":"Qualtrics Survey | Qualtrics Experience Management","SkinLibrary":"goldpsych","SkinType":"templated","Skin":{"brandingId":null,"templateId":"*base","overrides":{"contrast":1}},"NewScoring":1,"SurveyMetaDescription":"The most powerful, simple and trusted way to gather experience data. Start your journey to experience management and try a free account today.","CustomStyles":{"customCSS":""},"nextButtonLid":"","nextButtonMid":"","ProtectSelectionIds":true}},{"SurveyID":"SV_9AnB3sZP9J1woYu","Element":"SCO","PrimaryAttribute":"Scoring","SecondaryAttribute":null,"TertiaryAttribute":null,"Payload":{"ScoringCategories":[],"ScoringCategoryGroups":[],"ScoringSummaryCategory":null,"ScoringSummaryAfterQuestions":0,"ScoringSummaryAfterSurvey":0,"DefaultScoringCategory":null,"AutoScoringCategory":null}},{"SurveyID":"SV_9AnB3sZP9J1woYu","Element":"PROJ","PrimaryAttribute":"CORE","SecondaryAttribute":null,"TertiaryAttribute":"1.1.0","Payload":{"ProjectCategory":"CORE","SchemaVersion":"1.1.0"}},{"SurveyID":"SV_9AnB3sZP9J1woYu","Element":"STAT","PrimaryAttribute":"Survey Statistics","SecondaryAttribute":null,"TertiaryAttribute":null,"Payload":{"MobileCompatible":true,"ID":"Survey Statistics"}},{"SurveyID":"SV_9AnB3sZP9J1woYu","Element":"SQ","PrimaryAttribute":"QID8","SecondaryAttribute":"${lm:\/\/Field\/1}\u00a0 \u00a0 \u00a0\u00a0${lm:\/\/Field\/2}\u00a0 \u00a0 \u00a0 ${lm:\/\/Field\/3}","TertiaryAttribute":null,"Payload":{"QuestionText":"<div style=\"text-align: center;\"><span style=\"font-size:26px;\">${lm:\/\/Field\/1}&nbsp; &nbsp; &nbsp;&nbsp;${lm:\/\/Field\/2}&nbsp; &nbsp; &nbsp; ${lm:\/\/Field\/3}<\/span><\/div>","DefaultChoices":false,"QuestionType":"TE","Selector":"SL","DataVisibility":{"Private":false,"Hidden":false},"Configuration":{"QuestionDescriptionOption":"UseText"},"QuestionDescription":"${lm:\/\/Field\/1}\u00a0 \u00a0 \u00a0\u00a0${lm:\/\/Field\/2}\u00a0 \u00a0 \u00a0 ${lm:\/\/Field\/3}","Validation":{"Settings":{"ForceResponse":"OFF","Type":"None"}},"GradingData":[],"Language":[],"NextChoiceId":4,"NextAnswerId":1,"SearchSource":{"AllowFreeResponse":"false"},"QuestionJS":"Qualtrics.SurveyEngine.addOnload(function()\n{    \n    document.on(\"keydown\", function(e) {\n         if (e.keyCode === 13) $('NextButton').click();\n    });\n\tthis.hideNextButton();\n});\n\nQualtrics.SurveyEngine.addOnReady(function()\n{\n\t$(this.questionId).down('.InputText').focus().defer();\n\tthis.hideNextButton();\t\n});\n\nQualtrics.SurveyEngine.addOnUnload(function()\n{\n\n});","QuestionText_Unsafe":"<div style=\"text-align: center;\">${lm:\/\/Field\/1}&nbsp; &nbsp; &nbsp;&nbsp;${lm:\/\/Field\/2}&nbsp; &nbsp; &nbsp;&nbsp;${lm:\/\/Field\/3}<\/div>","DataExportTag":"Q8","QuestionID":"QID8"}},{"SurveyID":"SV_9AnB3sZP9J1woYu","Element":"SQ","PrimaryAttribute":"QID4","SecondaryAttribute":"${lm:\/\/Field\/1}\u00a0 \u00a0 \u00a0\u00a0${lm:\/\/Field\/2}\u00a0 \u00a0 \u00a0\u00a0${lm:\/\/Field\/3}","TertiaryAttribute":null,"Payload":{"QuestionText":"<div style=\"text-align: center;\"><span style=\"font-size:26px;\">${lm:\/\/Field\/1}&nbsp; &nbsp; &nbsp;&nbsp;${lm:\/\/Field\/2}&nbsp; &nbsp; &nbsp;&nbsp;${lm:\/\/Field\/3}<\/span><\/div>","DefaultChoices":false,"DataExportTag":"Q4","QuestionID":"QID4","QuestionType":"TE","Selector":"SL","DataVisibility":{"Private":false,"Hidden":false},"Configuration":{"QuestionDescriptionOption":"UseText"},"QuestionDescription":"${lm:\/\/Field\/1}\u00a0 \u00a0 \u00a0\u00a0${lm:\/\/Field\/2}\u00a0 \u00a0 \u00a0\u00a0${lm:\/\/Field\/3}","Validation":{"Settings":{"ForceResponse":"OFF","Type":"None"}},"GradingData":[],"Language":[],"NextChoiceId":4,"NextAnswerId":1,"SearchSource":{"AllowFreeResponse":"false"},"QuestionJS":"Qualtrics.SurveyEngine.addOnload(function()\n{    \n    document.on(\"keydown\", function(e) {\n         if (e.keyCode === 13) $('NextButton').click();\n    });\n\tthis.hideNextButton();\n});\n\nQualtrics.SurveyEngine.addOnReady(function()\n{\n\t$(this.questionId).down('.InputText').focus().defer();\n\tthis.hideNextButton();\n});\n\nQualtrics.SurveyEngine.addOnUnload(function()\n{\n\n});"}},{"SurveyID":"SV_9AnB3sZP9J1woYu","Element":"SQ","PrimaryAttribute":"QID17","SecondaryAttribute":"+","TertiaryAttribute":null,"Payload":{"QuestionText":"<div style=\"text-align: center;\"><br \/>\n<br \/>\n<span style=\"font-size:26px;\">+<\/span><\/div>","DefaultChoices":false,"DataExportTag":"Q17","QuestionID":"QID17","QuestionType":"DB","Selector":"TB","Configuration":{"QuestionDescriptionOption":"UseText"},"QuestionDescription":"+","ChoiceOrder":[],"Validation":{"Settings":{"Type":"None"}},"GradingData":[],"Language":[],"NextChoiceId":4,"NextAnswerId":1,"QuestionJS":"Qualtrics.SurveyEngine.addOnload(function()\n{\n\t\/*Place your JavaScript here to run when the page loads*\/\n\tthis.hideNextButton();\n\n});\n\nQualtrics.SurveyEngine.addOnReady(function()\n{\n\t\/*Place your JavaScript here to run when the page is fully displayed*\/\n\tthis.hideNextButton();\n});\n\nQualtrics.SurveyEngine.addOnUnload(function()\n{\n\t\/*Place your JavaScript here to run when the page is unloaded*\/\n\n});","DataVisibility":{"Private":false,"Hidden":false}}},{"SurveyID":"SV_9AnB3sZP9J1woYu","Element":"SQ","PrimaryAttribute":"QID19","SecondaryAttribute":"+","TertiaryAttribute":null,"Payload":{"QuestionText":"<div style=\"text-align: center;\"><br \/>\n<br \/>\n<span style=\"font-size:26px;\">+<\/span><\/div>","DefaultChoices":false,"DataExportTag":"Q19","QuestionID":"QID19","QuestionType":"DB","Selector":"TB","Configuration":{"QuestionDescriptionOption":"UseText"},"QuestionDescription":"+","ChoiceOrder":[],"Validation":{"Settings":{"Type":"None"}},"GradingData":[],"Language":[],"NextChoiceId":4,"NextAnswerId":1,"QuestionJS":"Qualtrics.SurveyEngine.addOnload(function()\n{\n\t\/*Place your JavaScript here to run when the page loads*\/\n\tthis.hideNextButton();\n});\n\nQualtrics.SurveyEngine.addOnReady(function()\n{\n\t\/*Place your JavaScript here to run when the page is fully displayed*\/\n\tthis.hideNextButton();\n});\n\nQualtrics.SurveyEngine.addOnUnload(function()\n{\n\t\/*Place your JavaScript here to run when the page is unloaded*\/\n\n});","DataVisibility":{"Private":false,"Hidden":false}}},{"SurveyID":"SV_9AnB3sZP9J1woYu","Element":"QC","PrimaryAttribute":"Survey Question Count","SecondaryAttribute":"20","TertiaryAttribute":null,"Payload":null},{"SurveyID":"SV_9AnB3sZP9J1woYu","Element":"SQ","PrimaryAttribute":"QID14","SecondaryAttribute":"\u00a0 Solution:\u00a0 \u00a0 \u00a0\u00a0${lm:\/\/Field\/4}","TertiaryAttribute":null,"Payload":{"QuestionText":"&nbsp;\n<br><br><br><br><div style=\"text-align: center;\"><span style=\"font-size:26px;\">Solution:&nbsp; &nbsp; &nbsp;&nbsp;${lm:\/\/Field\/4}<\/span><\/div>","DefaultChoices":false,"DataExportTag":"Q14","QuestionID":"QID14","QuestionType":"DB","Selector":"TB","Configuration":{"QuestionDescriptionOption":"UseText"},"QuestionDescription":"\u00a0 Solution:\u00a0 \u00a0 \u00a0\u00a0${lm:\/\/Field\/4}","ChoiceOrder":[],"Validation":{"Settings":{"Type":"None"}},"GradingData":[],"Language":[],"NextChoiceId":4,"NextAnswerId":1,"DataVisibility":{"Private":false,"Hidden":false},"QuestionJS":"Qualtrics.SurveyEngine.addOnload(function()\n{\n\t\/*Place your JavaScript here to run when the page loads*\/\n\tthis.hideNextButton();\n});\n\nQualtrics.SurveyEngine.addOnReady(function()\n{\n\t\/*Place your JavaScript here to run when the page is fully displayed*\/\n\n});\n\nQualtrics.SurveyEngine.addOnUnload(function()\n{\n\t\/*Place your JavaScript here to run when the page is unloaded*\/\n\n});"}},{"SurveyID":"SV_9AnB3sZP9J1woYu","Element":"RS","PrimaryAttribute":"RS_5BZoCYbEsCOX76u","SecondaryAttribute":"Default Response Set","TertiaryAttribute":null,"Payload":null},{"SurveyID":"SV_9AnB3sZP9J1woYu","Element":"SQ","PrimaryAttribute":"QID1","SecondaryAttribute":"For the next task, you'll be shown 3 unrelated cue words, and you must find a 4th word that relat...","TertiaryAttribute":null,"Payload":{"QuestionText":"<span style=\"font-size:22px;\">For the next task, you&#39;ll be shown 3 unrelated cue words, and you must find a 4th word that relates to all 3 words shown. See the example below:<\/span><br \/>\n&nbsp;\n<div style=\"text-align: center;\"><span style=\"font-size:26px;\">Cues: CHOCOLATE&nbsp; &nbsp; &nbsp; &nbsp;FORTUNE&nbsp; &nbsp; &nbsp; &nbsp;TIN<br \/>\n<br \/>\nSolution: COOKIE<\/span><\/div>\n<br \/>\n<span style=\"font-size:22px;\">Cookie is the correct answer because it relates to all 3 cue words.<\/span>","DefaultChoices":false,"DataExportTag":"Q1","QuestionID":"QID1","QuestionType":"DB","Selector":"TB","Configuration":{"QuestionDescriptionOption":"UseText"},"QuestionDescription":"For the next task, you'll be shown 3 unrelated cue words, and you must find a 4th word that relat...","ChoiceOrder":[],"Validation":{"Settings":{"Type":"None"}},"GradingData":[],"Language":[],"NextChoiceId":4,"NextAnswerId":1,"DataVisibility":{"Private":false,"Hidden":false},"QuestionJS":"Qualtrics.SurveyEngine.addOnload(function()\n{\n\t\/*Place your JavaScript here to run when the page loads*\/\n\n});\n\nQualtrics.SurveyEngine.addOnReady(function()\n{\n\tdocument.on(\"keydown\", function(e) {\n         if (e.keyCode === 13) $('NextButton').click();\n    });\n\n\n});\n\nQualtrics.SurveyEngine.addOnUnload(function()\n{\n\t\/*Place your JavaScript here to run when the page is unloaded*\/\n\n});"}},{"SurveyID":"SV_9AnB3sZP9J1woYu","Element":"SQ","PrimaryAttribute":"QID9","SecondaryAttribute":"For the next task, you'll be shown 3 unrelated cue words, and you must find a 4th word that relat...","TertiaryAttribute":null,"Payload":{"QuestionText":"<span style=\"font-size:22px;\">For the next task, you'll be shown 3 unrelated cue words, and you must find a 4th word that relates to all 3 words shown. See the example below:<br><br><\/span>\n<div style=\"text-align: center;\"><span style=\"font-size:22px;\">Cues: CHOCOLATE&nbsp; &nbsp; &nbsp; &nbsp;FORTUNE&nbsp; &nbsp; &nbsp; &nbsp;TIN<br>\n<br>\nSolution: COOKIE<\/span><\/div>\n<br>\n<span style=\"font-size:22px;\">Cookie is the correct answer because it relates to all 3 cue words.<\/span>","QuestionJS":"Qualtrics.SurveyEngine.addOnload(function()\n{\n\t\/*Place your JavaScript here to run when the page loads*\/\n\n});\n\nQualtrics.SurveyEngine.addOnReady(function()\n{\n\tdocument.on(\"keydown\", function(e) {\n         if (e.keyCode === 13) $('NextButton').click();\n    });\n\n\n});\n\nQualtrics.SurveyEngine.addOnUnload(function()\n{\n\t\/*Place your JavaScript here to run when the page is unloaded*\/\n\n});","DefaultChoices":false,"DataExportTag":"Q9","QuestionType":"DB","Selector":"TB","DataVisibility":{"Private":false,"Hidden":false},"Configuration":{"QuestionDescriptionOption":"UseText"},"QuestionDescription":"For the next task, you'll be shown 3 unrelated cue words, and you must find a 4th word that relat...","ChoiceOrder":[],"Validation":{"Settings":{"Type":"None"}},"GradingData":[],"Language":[],"NextChoiceId":4,"NextAnswerId":1,"QuestionID":"QID9"}},{"SurveyID":"SV_9AnB3sZP9J1woYu","Element":"SQ","PrimaryAttribute":"QID11","SecondaryAttribute":"Press ENTER to begin","TertiaryAttribute":null,"Payload":{"QuestionText":"<div style=\"text-align: center;\"><span style=\"font-size:16px;\"><strong>Press ENTER to begin<\/strong><\/span><\/div>","DefaultChoices":false,"QuestionType":"DB","Selector":"TB","Configuration":{"QuestionDescriptionOption":"UseText"},"QuestionDescription":"Press ENTER to begin","ChoiceOrder":[],"Validation":{"Settings":{"Type":"None"}},"GradingData":[],"Language":[],"NextChoiceId":4,"NextAnswerId":1,"QuestionText_Unsafe":"<div style=\"text-align: center;\"><span style=\"font-size:16px;\"><strong>Press ENTER to continue<\/strong><\/span><\/div>","DataExportTag":"Q11","QuestionID":"QID11","DataVisibility":{"Private":false,"Hidden":false},"QuestionJS":"Qualtrics.SurveyEngine.addOnload(function()\n{\n\t\/*Place your JavaScript here to run when the page loads*\/\n\tthis.hideNextButton();\n});\n\nQualtrics.SurveyEngine.addOnReady(function()\n{\n\t\/*Place your JavaScript here to run when the page is fully displayed*\/\n\n});\n\nQualtrics.SurveyEngine.addOnUnload(function()\n{\n\t\/*Place your JavaScript here to run when the page is unloaded*\/\n\n});"}},{"SurveyID":"SV_9AnB3sZP9J1woYu","Element":"SQ","PrimaryAttribute":"QID5","SecondaryAttribute":"Press ENTER to continue","TertiaryAttribute":null,"Payload":{"QuestionText":"<div style=\"text-align: center;\"><span style=\"font-size:16px;\"><strong>Press ENTER to continue<\/strong><\/span><\/div>","DefaultChoices":false,"DataExportTag":"Q5","QuestionID":"QID5","QuestionType":"DB","Selector":"TB","Configuration":{"QuestionDescriptionOption":"UseText"},"QuestionDescription":"Press ENTER to continue","ChoiceOrder":[],"Validation":{"Settings":{"Type":"None"}},"GradingData":[],"Language":[],"NextChoiceId":4,"NextAnswerId":1}},{"SurveyID":"SV_9AnB3sZP9J1woYu","Element":"SQ","PrimaryAttribute":"QID6","SecondaryAttribute":"Press ENTER to continue","TertiaryAttribute":null,"Payload":{"QuestionText":"<div style=\"text-align: center;\"><span style=\"font-size:16px;\"><strong>Press ENTER to continue<\/strong><\/span><\/div>","DefaultChoices":false,"DataExportTag":"Q6","QuestionType":"DB","Selector":"TB","DataVisibility":{"Private":false,"Hidden":false},"Configuration":{"QuestionDescriptionOption":"UseText"},"QuestionDescription":"Press ENTER to continue","ChoiceOrder":[],"Validation":{"Settings":{"Type":"None"}},"GradingData":[],"Language":[],"NextChoiceId":4,"NextAnswerId":1,"QuestionID":"QID6"}},{"SurveyID":"SV_9AnB3sZP9J1woYu","Element":"SQ","PrimaryAttribute":"QID13","SecondaryAttribute":"Press ENTER to continue","TertiaryAttribute":null,"Payload":{"QuestionText":"<div style=\"text-align: center;\"><span style=\"font-size:16px;\"><strong>Press ENTER to continue<\/strong><\/span><\/div>","DefaultChoices":false,"QuestionType":"DB","Selector":"TB","DataVisibility":{"Private":false,"Hidden":false},"Configuration":{"QuestionDescriptionOption":"UseText"},"QuestionDescription":"Press ENTER to continue","ChoiceOrder":[],"Validation":{"Settings":{"Type":"None"}},"GradingData":[],"Language":[],"NextChoiceId":4,"NextAnswerId":1,"QuestionText_Unsafe":"<div style=\"text-align: center;\"><span style=\"font-size:16px;\"><strong>Press ENTER to continue<\/strong><\/span><\/div>","DataExportTag":"Q13","QuestionID":"QID13"}},{"SurveyID":"SV_9AnB3sZP9J1woYu","Element":"SQ","PrimaryAttribute":"QID15","SecondaryAttribute":"Press ENTER to continue","TertiaryAttribute":null,"Payload":{"QuestionText":"<div style=\"text-align: center;\"><span style=\"font-size:16px;\"><strong>Press ENTER to continue<\/strong><\/span><\/div>","DefaultChoices":false,"DataExportTag":"Q15","QuestionID":"QID15","QuestionType":"DB","Selector":"TB","Configuration":{"QuestionDescriptionOption":"UseText"},"QuestionDescription":"Press ENTER to continue","ChoiceOrder":[],"Validation":{"Settings":{"Type":"None"}},"GradingData":[],"Language":[],"NextChoiceId":4,"NextAnswerId":1,"QuestionJS":"Qualtrics.SurveyEngine.addOnload(function()\n{\n\t\/*Place your JavaScript here to run when the page loads*\/\n\tthis.hideNextButton();\n});\n\nQualtrics.SurveyEngine.addOnReady(function()\n{\n\t\/*Place your JavaScript here to run when the page is fully displayed*\/\n\tthis.hideNextButton();\n});\n\nQualtrics.SurveyEngine.addOnUnload(function()\n{\n\t\/*Place your JavaScript here to run when the page is unloaded*\/\n\n});","DataVisibility":{"Private":false,"Hidden":false}}},{"SurveyID":"SV_9AnB3sZP9J1woYu","Element":"SQ","PrimaryAttribute":"QID10","SecondaryAttribute":"That is the end of the practise trials. There will now be 10 real trials. You will no longer be s...","TertiaryAttribute":null,"Payload":{"QuestionText":"<span style=\"font-size:22px;\">That is the end of the practise trials. There will now be 10 real trials. You will no longer be shown the correct answer.<br \/>\n<br \/>\nRemember: the solution word must relate to all 3 cue words.<br \/>\nYou will have 30 seconds per problem to think of an answer.<br \/>\nAs soon as you think you have the correct answer, type it in the box and press ENTER.<\/span>","DefaultChoices":false,"QuestionType":"DB","Selector":"TB","Configuration":{"QuestionDescriptionOption":"UseText"},"QuestionDescription":"That is the end of the practise trials. There will now be 10 real trials. You will no longer be s...","ChoiceOrder":[],"Validation":{"Settings":{"Type":"None"}},"GradingData":[],"Language":[],"NextChoiceId":4,"NextAnswerId":1,"DataVisibility":{"Private":false,"Hidden":false},"QuestionJS":"Qualtrics.SurveyEngine.addOnload(function()\n{\n\t\/*Place your JavaScript here to run when the page loads*\/\n\tthis.hideNextButton();\n});\n\nQualtrics.SurveyEngine.addOnReady(function()\n{\n\tdocument.on(\"keydown\", function(e) {\n         if (e.keyCode === 13) $('NextButton').click();\n    });\n\n\n});\n\nQualtrics.SurveyEngine.addOnUnload(function()\n{\n\t\/*Place your JavaScript here to run when the page is unloaded*\/\n\n});","QuestionText_Unsafe":"<span style=\"font-size:22px;\">For the next task, you'll be shown 3 unrelated cue words, and you must find a 4th word that relates to all 3 words shown. See the example below:<br><br><\/span>\n<div style=\"text-align: center;\"><span style=\"font-size:22px;\">Cues: CHOCOLATE&nbsp; &nbsp; &nbsp; &nbsp;FORTUNE&nbsp; &nbsp; &nbsp; &nbsp;TIN<br>\n<br>\nSolution: COOKIE<\/span><\/div>\n<br>\n<span style=\"font-size:22px;\">Cookie is the correct answer because it relates to all 3 cue words.<\/span>","DataExportTag":"Q10","QuestionID":"QID10"}},{"SurveyID":"SV_9AnB3sZP9J1woYu","Element":"SQ","PrimaryAttribute":"QID16","SecondaryAttribute":"That is the end of the task. Thank you for participating! Click to continue","TertiaryAttribute":null,"Payload":{"QuestionText":"<div style=\"text-align: center;\"><span style=\"font-size:22px;\">That is the end of the task.<br>\nThank you for participating!<\/span><\/div><div style=\"text-align: center;\"><span style=\"font-size:22px;\">Click to continue<\/span><\/div>","DefaultChoices":false,"DataExportTag":"Q16","QuestionType":"DB","Selector":"TB","Configuration":{"QuestionDescriptionOption":"UseText"},"QuestionDescription":"That is the end of the task. Thank you for participating! Click to continue","ChoiceOrder":[],"Validation":{"Settings":{"Type":"None"}},"GradingData":[],"Language":[],"NextChoiceId":4,"NextAnswerId":1,"QuestionID":"QID16","QuestionJS":false,"DataVisibility":{"Private":false,"Hidden":false}}},{"SurveyID":"SV_9AnB3sZP9J1woYu","Element":"SQ","PrimaryAttribute":"QID3","SecondaryAttribute":"Timing","TertiaryAttribute":null,"Payload":{"QuestionText":"Timing","DefaultChoices":false,"DataExportTag":"Q3","QuestionType":"Timing","Selector":"PageTimer","Configuration":{"QuestionDescriptionOption":"UseText","MinSeconds":"0","MaxSeconds":30,"ShowTimer":true,"Seconds":30},"QuestionDescription":"Timing","Choices":{"1":{"Display":"First Click"},"2":{"Display":"Last Click"},"3":{"Display":"Page Submit"},"4":{"Display":"Click Count"}},"GradingData":[],"Language":[],"NextChoiceId":80,"NextAnswerId":1,"QuestionID":"QID3","QuestionJS":"Qualtrics.SurveyEngine.addOnload(function()\n{\n\tthis.hideNextButton();\n\n});\n\nQualtrics.SurveyEngine.addOnReady(function()\n{\n\n});\n\nQualtrics.SurveyEngine.addOnUnload(function()\n{\n\n\n});","DataVisibility":{"Private":false,"Hidden":false}}},{"SurveyID":"SV_9AnB3sZP9J1woYu","Element":"SQ","PrimaryAttribute":"QID7","SecondaryAttribute":"Timing","TertiaryAttribute":null,"Payload":{"QuestionText":"Timing","DefaultChoices":false,"QuestionType":"Timing","Selector":"PageTimer","Configuration":{"QuestionDescriptionOption":"UseText","MinSeconds":"0","MaxSeconds":30,"ShowTimer":true,"Seconds":30},"QuestionDescription":"Timing","Choices":{"1":{"Display":"First Click"},"2":{"Display":"Last Click"},"3":{"Display":"Page Submit"},"4":{"Display":"Click Count"}},"GradingData":[],"Language":[],"NextChoiceId":80,"NextAnswerId":1,"QuestionJS":"Qualtrics.SurveyEngine.addOnload(function()\n{\n\tthis.hideNextButton();\n\n});\n\nQualtrics.SurveyEngine.addOnReady(function()\n{\n\tthis.hideNextButton();\n});\n\nQualtrics.SurveyEngine.addOnUnload(function()\n{\n\n\n});","DataVisibility":{"Private":false,"Hidden":false},"QuestionText_Unsafe":"Timing","DataExportTag":"Q7","QuestionID":"QID7"}},{"SurveyID":"SV_9AnB3sZP9J1woYu","Element":"SQ","PrimaryAttribute":"QID18","SecondaryAttribute":"Timing","TertiaryAttribute":null,"Payload":{"QuestionText":"Timing","DefaultChoices":false,"DataExportTag":"Q18","QuestionID":"QID18","QuestionType":"Timing","Selector":"PageTimer","Configuration":{"QuestionDescriptionOption":"UseText","MinSeconds":"0","MaxSeconds":1},"QuestionDescription":"Timing","Choices":{"1":{"Display":"First Click"},"2":{"Display":"Last Click"},"3":{"Display":"Page Submit"},"4":{"Display":"Click Count"}},"GradingData":[],"Language":[],"NextChoiceId":24,"NextAnswerId":1,"QuestionJS":"Qualtrics.SurveyEngine.addOnload(function()\n{\n\t\/*Place your JavaScript here to run when the page loads*\/\n\tthis.hideNextButton();\n});\n\nQualtrics.SurveyEngine.addOnReady(function()\n{\n\t\/*Place your JavaScript here to run when the page is fully displayed*\/\n\tthis.hideNextButton();\n});\n\nQualtrics.SurveyEngine.addOnUnload(function()\n{\n\t\/*Place your JavaScript here to run when the page is unloaded*\/\n\n});","DataVisibility":{"Private":false,"Hidden":false}}},{"SurveyID":"SV_9AnB3sZP9J1woYu","Element":"SQ","PrimaryAttribute":"QID20","SecondaryAttribute":"Timing","TertiaryAttribute":null,"Payload":{"QuestionText":"Timing","DefaultChoices":false,"DataExportTag":"Q20","QuestionID":"QID20","QuestionType":"Timing","Selector":"PageTimer","Configuration":{"QuestionDescriptionOption":"UseText","MinSeconds":"0","MaxSeconds":1},"QuestionDescription":"Timing","Choices":{"1":{"Display":"First Click"},"2":{"Display":"Last Click"},"3":{"Display":"Page Submit"},"4":{"Display":"Click Count"}},"GradingData":[],"Language":[],"NextChoiceId":40,"NextAnswerId":1,"QuestionJS":"Qualtrics.SurveyEngine.addOnload(function()\n{\n\t\/*Place your JavaScript here to run when the page loads*\/\n\tthis.hideNextButton();\n});\n\nQualtrics.SurveyEngine.addOnReady(function()\n{\n\t\/*Place your JavaScript here to run when the page is fully displayed*\/\n\n});\n\nQualtrics.SurveyEngine.addOnUnload(function()\n{\n\t\/*Place your JavaScript here to run when the page is unloaded*\/\n\n});","DataVisibility":{"Private":false,"Hidden":false}}},{"SurveyID":"SV_9AnB3sZP9J1woYu","Element":"SQ","PrimaryAttribute":"QID2","SecondaryAttribute":"You will have 30 seconds per problem to think of an answer. As soon as you think you have the cor...","TertiaryAttribute":null,"Payload":{"QuestionText":"<span style=\"font-size:22px;\">You will have 30 seconds per problem to think of an answer. As soon as you think you have the correct answer, type it in the box and press ENTER.<br \/>\n<br \/>\nBe aware that as soon as you press ENTER, the task will progress to the next trial.<br \/>\n<br \/>\nPress ENTER now to see some practise trials.<\/span>","DefaultChoices":false,"DataExportTag":"Q2","QuestionID":"QID2","QuestionType":"DB","Selector":"TB","Configuration":{"QuestionDescriptionOption":"UseText"},"QuestionDescription":"You will have 30 seconds per problem to think of an answer. As soon as you think you have the cor...","ChoiceOrder":[],"Validation":{"Settings":{"Type":"None"}},"GradingData":[],"Language":[],"NextChoiceId":4,"NextAnswerId":1,"QuestionJS":"Qualtrics.SurveyEngine.addOnload(function()\n{       \n    this.hideNextButton();\n\tdocument.on(\"keydown\", function(e) {\n         if (e.keyCode === 13) $('NextButton').click();\n    });\n\n});\n\nQualtrics.SurveyEngine.addOnReady(function()\n{\n\tdocument.on(\"keydown\", function(e) {\n         if (e.keyCode === 13) $('NextButton').click();\n    });\n\n});\n\nQualtrics.SurveyEngine.addOnUnload(function()\n{\n\t\/*Place your JavaScript here to run when the page is unloaded*\/\n\n});","DataVisibility":{"Private":false,"Hidden":false}}},{"SurveyID":"SV_9AnB3sZP9J1woYu","Element":"SQ","PrimaryAttribute":"QID12","SecondaryAttribute":"You will have 30 seconds per problem to think of an answer. As soon as you think you have the cor...","TertiaryAttribute":null,"Payload":{"QuestionText":"<span style=\"font-size:22px;\">You will have 30 seconds per problem to think of an answer. As soon as you think you have the correct answer, type it in the box and press ENTER.<br \/>\n<br \/>\nBe aware that as soon as you press ENTER, the task will progress to the next trial.<br \/>\n<br \/>\nPress ENTER now to see some practise trials.<\/span>","DefaultChoices":false,"QuestionType":"DB","Selector":"TB","Configuration":{"QuestionDescriptionOption":"UseText"},"QuestionDescription":"You will have 30 seconds per problem to think of an answer. As soon as you think you have the cor...","ChoiceOrder":[],"Validation":{"Settings":{"Type":"None"}},"GradingData":[],"Language":[],"NextChoiceId":4,"NextAnswerId":1,"QuestionJS":"Qualtrics.SurveyEngine.addOnload(function()\n{       \n    document.on(\"keydown\", function(e) {\n         if (e.keyCode === 13) $('NextButton').click();\n    });\n\n});\n\nQualtrics.SurveyEngine.addOnReady(function()\n{\n\t\/*Place your JavaScript here to run when the page is fully displayed*\/\n\n});\n\nQualtrics.SurveyEngine.addOnUnload(function()\n{\n\t\/*Place your JavaScript here to run when the page is unloaded*\/\n\n});","DataVisibility":{"Private":false,"Hidden":false},"QuestionText_Unsafe":"<span style=\"font-size:22px;\">You will have 30 seconds per problem to think of an answer. As soon as you think you have the correct answer, type it in the box and press ENTER.<br \/>\n<br \/>\nBe aware that as soon as you press ENTER, the task will progress to the next trial.<br \/>\n<br \/>\nPress ENTER now to see some practise trials.<\/span>","DataExportTag":"Q12","QuestionID":"QID12"}}]}